{
  "version": 4,
  "terraform_version": "1.12.1",
  "serial": 55,
  "lineage": "92fa57ad-81dd-c780-94d6-cef3aecef601",
  "outputs": {
    "aks_cluster_name": {
      "value": "aks-cluster",
      "type": "string"
    },
    "node_pools": {
      "value": {
        "appnodepool": {
          "auto_scaling_enabled": true,
          "capacity_reservation_group_id": "",
          "eviction_policy": "",
          "fips_enabled": false,
          "gpu_instance": null,
          "host_encryption_enabled": false,
          "host_group_id": "",
          "id": "/subscriptions/550ea751-3a3c-4a25-8773-93d9ec783ca5/resourceGroups/aks-rg/providers/Microsoft.ContainerService/managedClusters/aks-cluster/agentPools/appnodepool",
          "kubelet_config": [],
          "kubelet_disk_type": "OS",
          "kubernetes_cluster_id": "/subscriptions/550ea751-3a3c-4a25-8773-93d9ec783ca5/resourceGroups/aks-rg/providers/Microsoft.ContainerService/managedClusters/aks-cluster",
          "linux_os_config": [],
          "max_count": 1,
          "max_pods": 30,
          "min_count": 1,
          "mode": "User",
          "name": "appnodepool",
          "node_count": 1,
          "node_labels": {
            "role": "app"
          },
          "node_network_profile": [],
          "node_public_ip_enabled": false,
          "node_public_ip_prefix_id": "",
          "node_taints": [],
          "orchestrator_version": "1.31.1",
          "os_disk_size_gb": 30,
          "os_disk_type": "Managed",
          "os_sku": "Ubuntu",
          "os_type": "Linux",
          "pod_subnet_id": "",
          "priority": "Regular",
          "proximity_placement_group_id": "",
          "scale_down_mode": "Delete",
          "snapshot_id": null,
          "spot_max_price": -1,
          "tags": {
            "env": "prod"
          },
          "timeouts": null,
          "ultra_ssd_enabled": false,
          "upgrade_settings": [],
          "vm_size": "Standard_B2s",
          "vnet_subnet_id": "",
          "windows_profile": [],
          "workload_runtime": null,
          "zones": [
            "1"
          ]
        }
      },
      "type": [
        "object",
        {
          "appnodepool": [
            "object",
            {
              "auto_scaling_enabled": "bool",
              "capacity_reservation_group_id": "string",
              "eviction_policy": "string",
              "fips_enabled": "bool",
              "gpu_instance": "string",
              "host_encryption_enabled": "bool",
              "host_group_id": "string",
              "id": "string",
              "kubelet_config": [
                "list",
                [
                  "object",
                  {
                    "allowed_unsafe_sysctls": [
                      "set",
                      "string"
                    ],
                    "container_log_max_line": "number",
                    "container_log_max_size_mb": "number",
                    "cpu_cfs_quota_enabled": "bool",
                    "cpu_cfs_quota_period": "string",
                    "cpu_manager_policy": "string",
                    "image_gc_high_threshold": "number",
                    "image_gc_low_threshold": "number",
                    "pod_max_pid": "number",
                    "topology_manager_policy": "string"
                  }
                ]
              ],
              "kubelet_disk_type": "string",
              "kubernetes_cluster_id": "string",
              "linux_os_config": [
                "list",
                [
                  "object",
                  {
                    "swap_file_size_mb": "number",
                    "sysctl_config": [
                      "list",
                      [
                        "object",
                        {
                          "fs_aio_max_nr": "number",
                          "fs_file_max": "number",
                          "fs_inotify_max_user_watches": "number",
                          "fs_nr_open": "number",
                          "kernel_threads_max": "number",
                          "net_core_netdev_max_backlog": "number",
                          "net_core_optmem_max": "number",
                          "net_core_rmem_default": "number",
                          "net_core_rmem_max": "number",
                          "net_core_somaxconn": "number",
                          "net_core_wmem_default": "number",
                          "net_core_wmem_max": "number",
                          "net_ipv4_ip_local_port_range_max": "number",
                          "net_ipv4_ip_local_port_range_min": "number",
                          "net_ipv4_neigh_default_gc_thresh1": "number",
                          "net_ipv4_neigh_default_gc_thresh2": "number",
                          "net_ipv4_neigh_default_gc_thresh3": "number",
                          "net_ipv4_tcp_fin_timeout": "number",
                          "net_ipv4_tcp_keepalive_intvl": "number",
                          "net_ipv4_tcp_keepalive_probes": "number",
                          "net_ipv4_tcp_keepalive_time": "number",
                          "net_ipv4_tcp_max_syn_backlog": "number",
                          "net_ipv4_tcp_max_tw_buckets": "number",
                          "net_ipv4_tcp_tw_reuse": "bool",
                          "net_netfilter_nf_conntrack_buckets": "number",
                          "net_netfilter_nf_conntrack_max": "number",
                          "vm_max_map_count": "number",
                          "vm_swappiness": "number",
                          "vm_vfs_cache_pressure": "number"
                        }
                      ]
                    ],
                    "transparent_huge_page_defrag": "string",
                    "transparent_huge_page_enabled": "string"
                  }
                ]
              ],
              "max_count": "number",
              "max_pods": "number",
              "min_count": "number",
              "mode": "string",
              "name": "string",
              "node_count": "number",
              "node_labels": [
                "map",
                "string"
              ],
              "node_network_profile": [
                "list",
                [
                  "object",
                  {
                    "allowed_host_ports": [
                      "list",
                      [
                        "object",
                        {
                          "port_end": "number",
                          "port_start": "number",
                          "protocol": "string"
                        }
                      ]
                    ],
                    "application_security_group_ids": [
                      "list",
                      "string"
                    ],
                    "node_public_ip_tags": [
                      "map",
                      "string"
                    ]
                  }
                ]
              ],
              "node_public_ip_enabled": "bool",
              "node_public_ip_prefix_id": "string",
              "node_taints": [
                "list",
                "string"
              ],
              "orchestrator_version": "string",
              "os_disk_size_gb": "number",
              "os_disk_type": "string",
              "os_sku": "string",
              "os_type": "string",
              "pod_subnet_id": "string",
              "priority": "string",
              "proximity_placement_group_id": "string",
              "scale_down_mode": "string",
              "snapshot_id": "string",
              "spot_max_price": "number",
              "tags": [
                "map",
                "string"
              ],
              "timeouts": [
                "object",
                {
                  "create": "string",
                  "delete": "string",
                  "read": "string",
                  "update": "string"
                }
              ],
              "ultra_ssd_enabled": "bool",
              "upgrade_settings": [
                "list",
                [
                  "object",
                  {
                    "drain_timeout_in_minutes": "number",
                    "max_surge": "string",
                    "node_soak_duration_in_minutes": "number"
                  }
                ]
              ],
              "vm_size": "string",
              "vnet_subnet_id": "string",
              "windows_profile": [
                "list",
                [
                  "object",
                  {
                    "outbound_nat_enabled": "bool"
                  }
                ]
              ],
              "workload_runtime": "string",
              "zones": [
                "set",
                "string"
              ]
            }
          ]
        }
      ]
    },
    "webapp_external_ip": {
      "value": "4.225.118.241",
      "type": "string"
    }
  },
  "resources": [
    {
      "mode": "managed",
      "type": "azurerm_kubernetes_cluster",
      "name": "aks",
      "provider": "provider[\"registry.terraform.io/hashicorp/azurerm\"]",
      "instances": [
        {
          "schema_version": 2,
          "attributes": {
            "aci_connector_linux": [],
            "api_server_access_profile": [],
            "auto_scaler_profile": [
              {
                "balance_similar_node_groups": false,
                "daemonset_eviction_for_empty_nodes_enabled": false,
                "daemonset_eviction_for_occupied_nodes_enabled": true,
                "empty_bulk_delete_max": "10",
                "expander": "random",
                "ignore_daemonsets_utilization_enabled": false,
                "max_graceful_termination_sec": "600",
                "max_node_provisioning_time": "15m",
                "max_unready_nodes": 3,
                "max_unready_percentage": 45,
                "new_pod_scale_up_delay": "0s",
                "scale_down_delay_after_add": "10m",
                "scale_down_delay_after_delete": "10s",
                "scale_down_delay_after_failure": "3m",
                "scale_down_unneeded": "10m",
                "scale_down_unready": "20m",
                "scale_down_utilization_threshold": "0.5",
                "scan_interval": "10s",
                "skip_nodes_with_local_storage": false,
                "skip_nodes_with_system_pods": true
              }
            ],
            "automatic_upgrade_channel": "",
            "azure_active_directory_role_based_access_control": [],
            "azure_policy_enabled": false,
            "confidential_computing": [],
            "cost_analysis_enabled": false,
            "current_kubernetes_version": "1.31.8",
            "default_node_pool": [
              {
                "auto_scaling_enabled": true,
                "capacity_reservation_group_id": "",
                "fips_enabled": false,
                "gpu_instance": "",
                "host_encryption_enabled": false,
                "host_group_id": "",
                "kubelet_config": [],
                "kubelet_disk_type": "OS",
                "linux_os_config": [],
                "max_count": 1,
                "max_pods": 30,
                "min_count": 1,
                "name": "defaultpool",
                "node_count": 1,
                "node_labels": {},
                "node_network_profile": [],
                "node_public_ip_enabled": false,
                "node_public_ip_prefix_id": "",
                "only_critical_addons_enabled": false,
                "orchestrator_version": "1.31",
                "os_disk_size_gb": 30,
                "os_disk_type": "Managed",
                "os_sku": "Ubuntu",
                "pod_subnet_id": "",
                "proximity_placement_group_id": "",
                "scale_down_mode": "Delete",
                "snapshot_id": "",
                "tags": {},
                "temporary_name_for_rotation": "",
                "type": "VirtualMachineScaleSets",
                "ultra_ssd_enabled": false,
                "upgrade_settings": [
                  {
                    "drain_timeout_in_minutes": 0,
                    "max_surge": "10%",
                    "node_soak_duration_in_minutes": 0
                  }
                ],
                "vm_size": "Standard_D2s_v3",
                "vnet_subnet_id": "",
                "workload_runtime": "",
                "zones": [
                  "1",
                  "2",
                  "3"
                ]
              }
            ],
            "disk_encryption_set_id": "",
            "dns_prefix": "aks-cluster",
            "dns_prefix_private_cluster": "",
            "edge_zone": "",
            "fqdn": "aks-cluster-4psf9a6w.hcp.swedencentral.azmk8s.io",
            "http_application_routing_enabled": false,
            "http_application_routing_zone_name": "",
            "http_proxy_config": [],
            "id": "/subscriptions/550ea751-3a3c-4a25-8773-93d9ec783ca5/resourceGroups/aks-rg/providers/Microsoft.ContainerService/managedClusters/aks-cluster",
            "identity": [
              {
                "identity_ids": [],
                "principal_id": "c5eb9fe2-9130-44c9-891f-8483866be0ca",
                "tenant_id": "726f3226-a03e-4090-9d6f-b8faa2a7f15f",
                "type": "SystemAssigned"
              }
            ],
            "image_cleaner_enabled": null,
            "image_cleaner_interval_hours": null,
            "ingress_application_gateway": [],
            "key_management_service": [],
            "key_vault_secrets_provider": [],
            "kube_admin_config": [],
            "kube_admin_config_raw": "",
            "kube_config": [
              {
                "client_certificate": "LS0tLS1CRUdJTiBDRVJUSUZJQ0FURS0tLS0tCk1JSUZIakNDQXdhZ0F3SUJBZ0lSQU5Rby8zL3Y0TDcwd0J0eENkYkNpWVF3RFFZSktvWklodmNOQVFFTEJRQXcKRFRFTE1Ba0dBMVVFQXhNQ1kyRXdIaGNOTWpVd05USTRNVE16TXpVeVdoY05NamN3TlRJNE1UTTBNelV5V2pBdwpNUmN3RlFZRFZRUUtFdzV6ZVhOMFpXMDZiV0Z6ZEdWeWN6RVZNQk1HQTFVRUF4TU1iV0Z6ZEdWeVkyeHBaVzUwCk1JSUNJakFOQmdrcWhraUc5dzBCQVFFRkFBT0NBZzhBTUlJQ0NnS0NBZ0VBdnNrZkt5MU1BY0dpVlVVK1NyKzYKOTEzVENmNlZGRFJQSTVlL01rQkVpTDJlN00yVFl2TVVtV2MrTitCUzFNVVR1T3pCRkNleHp4Q0lBWUxvdzA5MQpsK3FLN1JzUWxhWUdWdFhuZzduSVlGbC9IQjNKR1I4akhWMkdMQkloNlB6d2ZiVDdQUzJRbGR2R1NRanFBcFlSCnk5eFlFb2hDUW1Sa0RSRTVOaFhGNjNzdFZPS2pvVExtd3c2MUtmTFVRWlg5VEdERzVZZjlGazByY3dhVkpOWjcKNVA0MFoxcklrYVVEV0NIcnErNVlGUHhUS1g2WW5sSUg2ck1KdXNENitIUFl3SDFnN1g2QkdjaG5DMzhPNzVaNApWYituU2pHYjVwb0hTb3k0YUtidTdRMUNaUHI1dDF1MW1GN2JLRlZ6b1ByRVQzVXNwVmFod24yc3FaMk0rUVgwCmFVOHpJNXhzYnBoc2hTSlo0cXEwK2JqODRtbE5HWDJjSFUxZThxZGRRODJRdFZ4eWViKzhhVVR1RkR1L2ZmcFoKWDlZWUtRMUNnbVVlZG9FSklvZkMvYld4N1A1bU1ucmxEbHpkS2pvc2h2NVA1dU9raDdWNkFWUU9qUWFKbjFmdQpKQVc3NUpWSmQ3MC9XSFBMdEk5WUV5SWNmM1BmQmdvazQzNk1XbEcwK2t6QUtsV2JSNm5NZHRFRnlCdDh5MURXCksrdlhLV1RwRWdMbGhiN3Y4TEtBQTB6YVBPWCt6OGJtY2ZXY1FxVzdXd1Zncm9neFA3Z0dDVlY0aWpBamc1Y1QKRjJYTDk3SHVmTE9RYVpMNGRCNExtdkhiYVlxaVYwYUdnRkxQQWEyWEhQTjI3OU0yVGVhTFZKZkhBeXpVa0h2Lwp5QjlZU0xGMkxRUWJMUUNaM3BvbmR2TUNBd0VBQWFOV01GUXdEZ1lEVlIwUEFRSC9CQVFEQWdXZ01CTUdBMVVkCkpRUU1NQW9HQ0NzR0FRVUZCd01DTUF3R0ExVWRFd0VCL3dRQ01BQXdId1lEVlIwakJCZ3dGb0FVZnN0V2FrY3AKWGlZQlMveXRmeWVDYWcyM1hXTXdEUVlKS29aSWh2Y05BUUVMQlFBRGdnSUJBSGhubjFNa0FEUmd6VmtGVHo3QQpSYVFFMFdjeXZlZ2VrUkpjUnpHaCtySklDWWNQTTc2d0VHcEY1dG1XbE1vcjYwalRjdE5GR1cxdDRyU051eEpCCmlYbDRreXBpMHhoUFc0cnl5VnJoS2h3Z2dWZjBESzF2WTFNTEFDaHIvajhCSktub0hpVlpBNXRxZ2k4QzVDcmQKTmpnamNEZTNrdU91bmlydXorUDR5QzZPeVF5L01Bd2Jaa2xjU1ZVajQwVlkwczJlZzBPeDcvNGpWTUlIUXhieQp4QThncWJMeGU0UXVZdlBIVm1oTUhKMnQ0ZmpUbVA1cDhUYmxDN3hMcDYvcFhBM1ZkQVQ2STFpdmZqV29GaElCClZBWXpKa3ZjMm9rNkY1MFIyL1Nka1dyQkplTE5Oa2xPSzBQc1RkcmVDWG5GOXpHanltYnhTYTFCZUZjNHpJek8KMDd5eU9vVVFmM3crSDAyajJUS3lRNGozc3E2QkNiMmJ6bDhDS3pRRlh0NGhsbEkyRFB0L1JmcGQ4R1lIWVdyYwo2NmROTUp5RmNSK25xYVRsZmRNVlZSZ3UwdE1kM0tFT2FnMk9zM3V1NzdvakhKUVMyVW4yd2tpUlBZNjJoN2tBCjZpSzJLMUt1ODdnb1VGMkRMVmhpVSs4Yk1NS0Uxd2N5TitqZ1ZXeEpBZ1JGdmkxZENjM05KTUpXQ3ZzU2N3WWkKUWpHams0NEIrdUp2K0FUaVJyeENRTEtXeHdra1oyUnhWVzJxS2dwaktMSldDZ1NIYUtIT2JJc3hKcDJjenVrbgptd21IblV3b0Y5K2UwZGJRQWZrSWpSQ2E3bU1LS3oxNFZjU0NEclZsdlBTSjBxc0llcFN5ejAwWThUd1M1NmFTCmp0UEt4cGxHWWFiWUR4N3hHcWJNaktwegotLS0tLUVORCBDRVJUSUZJQ0FURS0tLS0tCg==",
                "client_key": "LS0tLS1CRUdJTiBSU0EgUFJJVkFURSBLRVktLS0tLQpNSUlKS2dJQkFBS0NBZ0VBdnNrZkt5MU1BY0dpVlVVK1NyKzY5MTNUQ2Y2VkZEUlBJNWUvTWtCRWlMMmU3TTJUCll2TVVtV2MrTitCUzFNVVR1T3pCRkNleHp4Q0lBWUxvdzA5MWwrcUs3UnNRbGFZR1Z0WG5nN25JWUZsL0hCM0oKR1I4akhWMkdMQkloNlB6d2ZiVDdQUzJRbGR2R1NRanFBcFlSeTl4WUVvaENRbVJrRFJFNU5oWEY2M3N0Vk9LagpvVExtd3c2MUtmTFVRWlg5VEdERzVZZjlGazByY3dhVkpOWjc1UDQwWjFySWthVURXQ0hycSs1WUZQeFRLWDZZCm5sSUg2ck1KdXNENitIUFl3SDFnN1g2QkdjaG5DMzhPNzVaNFZiK25TakdiNXBvSFNveTRhS2J1N1ExQ1pQcjUKdDF1MW1GN2JLRlZ6b1ByRVQzVXNwVmFod24yc3FaMk0rUVgwYVU4ekk1eHNicGhzaFNKWjRxcTArYmo4NG1sTgpHWDJjSFUxZThxZGRRODJRdFZ4eWViKzhhVVR1RkR1L2ZmcFpYOVlZS1ExQ2dtVWVkb0VKSW9mQy9iV3g3UDVtCk1ucmxEbHpkS2pvc2h2NVA1dU9raDdWNkFWUU9qUWFKbjFmdUpBVzc1SlZKZDcwL1dIUEx0STlZRXlJY2YzUGYKQmdvazQzNk1XbEcwK2t6QUtsV2JSNm5NZHRFRnlCdDh5MURXSyt2WEtXVHBFZ0xsaGI3djhMS0FBMHphUE9YKwp6OGJtY2ZXY1FxVzdXd1Zncm9neFA3Z0dDVlY0aWpBamc1Y1RGMlhMOTdIdWZMT1FhWkw0ZEI0TG12SGJhWXFpClYwYUdnRkxQQWEyWEhQTjI3OU0yVGVhTFZKZkhBeXpVa0h2L3lCOVlTTEYyTFFRYkxRQ1ozcG9uZHZNQ0F3RUEKQVFLQ0FnRUFoWk9SSkF6UjQ0VHNJR0dicklBeTZsQ2htcVRKUWQwaDc1eW1QQXV0TUVQN0NuY2dreTM0SlRPWQo1MHhERWo5dGdKTWExLzYyeW5BYm1WdExscnVDYkx2RlN4OGc3SFhTaUdlNWNZdlkxRVMwN3oyWGQrUktGSnhQCmZYbXdqa3pTSUdGZmFrVUZyemF4eko3V0lMdHJlRjBzdU1UNEJ6MzhvdjJGSGUzK3BkR1hPcEIzMmp3bVB6bUQKOC92VlNwbzJQNHllbFVReUdiUXNFSnZ5UGxtQll5SHNGTlVHQ3BzTERXQ3FmYlVocklmQnZoS3B6bWRHcmJkdQp2M2V2LzlZMFV3azFuUEp1ZDF2TmNjb2k3ZkpmREVKa1lWajhlMmNxWmJMQ3hscmllOHhGeVNmRFFQS1A0VC9BCmw2dkVpbGdvckMwdzlnNENzWWFHSmpkdDVVaWJCdzZ0YUlud2w2d0JsL0R2SFRpWjhMVE0zc3d6Sm5nNGhUeVcKWGhFUmowQmNHVXk5RXBEZUhwSktTdkovSUhxSU1mRkVCMklzbTNXN2JsRFZnQ25EeE5rS3VjU25KTHBXaXpNbwoxZWZSZDZGWnNjblZmeXM2TDRWaFluT0tZQ0RiOFhYV0FsZFJiUElHOVJNZUJuV1J3U3dqVUNjTWI0V3crbTdQCmY2VHJ0OHkvWkpnOGtiamhNeW9wR2pnRE1Ma3htZ2dicDlOR0tSVlpoSHl5Ukh4bDVuYithZGt2ODFsbFZXNmQKTkVpczlPSUgwK2pYL1doL3pBbTRlL3NPQUZ3bVJvTFdYdkdWTlNTeUJCQnhPMW9oVnNuNm5yY0hoakNsNkFObApGaTFKOUxZQ2dUL2M3WWtrUFc4aTFSTWtYVTZOblFqS2Z1QmZaWlI5Zk9lSjJRMHl3SmtDZ2dFQkFOTjhBNG4rCjI5bEhucUl3V1JUc29oUk1sbFdiQ2RNM3AxbDlZbHBvYXdFakdGcUxEWXR3ZFZkSGtPVEYyRzZHOXFMdmV4YUUKeXZmejhjdXp0K2RkcFp2VHRXVC9EZitUSGhzSnF5R0sySmcrZjZmS3g5bU1rM0d0Z2o2K0NDS2JaZ1kyZVhPMQpwSGpmNjJuUWpJNnFvMFhZL0d6MjhXNVN4cmxmb3lsQktOc3pqcFlyYzJ3bHd6UHZHZFlHZDVBMjIvYnU5YzN2CmVnQW5jdVhUazFVdVV4Vm9nWU1wK29wS0RuUUhZUHJaa1R2dURoTGRUakNEa2Fqd1ZaRHF4ZHQyYjBoOFYyNnAKYXBsdjRZRXYzbXFaWUlkeGU3WlBOTVRRazFYOGFhckl0TXdYQklXQVFsUlFmU204QmNYWU1lL2ZyZTJVK0hsdwowSVUwN25ueVV3RVRYaWNDZ2dFQkFPYnh2U0VPVE13ZFBaRHUwN2VRUTdNQjFWWE5xY1Z2U0NMTjJVMHl5OCtLCkZlL1BCZlg1UFVERkJNTEZFd2N0MkdEOTdhajNzbjRZQ01zcERud3kyV3Arcy9OOWZDVDdJUmZkZEhWc0V2bXYKY0J0M3J6Zk5uTmRKeUpRWUdCR251OEEreDVreU1EcnRnbzFFK2YvRndKMGsxMjZoa1YwYVFZRXVpQitSZ0RndQo1aGtLK3ZVdG9pdlFOVXd6RnFuOFh4M3IxWHlCNnpBSlQwQ2xEYUVEdUdRQmVBbGUzcUsrcjA0VkV4YWkrdjdHCmFOR3lkdHVGQWpJM2s3NWtmWnJuUUlVWjFUdEwzTEY0NG5BdjJ6UkZWck5GRXlPa2RKcG5TM3hlRENPaUl0eGIKSkZaYUxTc21nMjcwMkUvb2JyWHVOem5pSExsUG5Wd1Z3KzlTTE5veHJGVUNnZ0VCQU1LcVk0T1JZWUxHUndIWgo2UlcybjVaNXpPT3RtMFNkOU9BTjV3dDdGQXZ1NXdybzlpWEU5VzNLaFZmZnVWSTd6eWk1c1o1UHk1aWpKbzJ2CnR2YzBIeTJwbVU0RzdEYTFqNytwamFtSmFjZnh0NFdXeFpDOXNqYXdWTFEyTGJ6Vk4vcytCMXQzOXBZQTMydisKT0hOV0pJWTFybDBLamI5VVdISG4wNE0wNUV1cFVIVndONFZ6MlJPajRpODhzcSsvbjRmVCs5Ujh1OXNLZE51UwpmZ3FwWW5iUlJHMmNwVzdIcmpnbFZxSnd4QnZiQzM5WDBCSWQrV1Q5SEhZUmRPQ0hTdlg0NW00SmFnTWtsZmxaCk82ejUwMzI0K3Z3Y09tRno4RHIwNWJyN2xsaEtVN0lqRm1zUHo3WXJ5VkNNcWFLNFRSdmt4VGJibmtVUExQaDUKRXVocGtIOENnZ0VBV281NzNOUmdwTURxZlVSSTNIZkROQlFKOVNVNTV1TWw1QS9YbjMvRmoxSFVIRDZQVmM0dgppSkE0dDY3VE1VTjJ6MEdDeVhpbkV1NlZ0Q1FiTy9Rc2NLZlNKQzRXV2VIbkxoWjJMZno4eTg5UkpGUWY3cisvCk9tUUNOSi9tQURaSFZyREhUM2p3bElyQllHZWxwL2VBK1oyU3BCelNoVEZnY2lrdTAwSVlodTlNNXBENXF0NEQKOHk0bldBUElaVXRDZU5jYTFVR1VXVGV0VGVucW1ESi9RU2VhVEFKWlJuT0RCaGtaYlF6bllyT21NbVBLVzNXaQpVTktlS2svNU9KNXBIRWZ1NXR0dVpHREVXYjFLTlFyalhsUTlsd0pMZnFmMlg0UDVPcGUvRjZ6ZGFNYmZZMFlzCnozdE92cmFqZ3M4djlKQ0hOdHJURjJLcGU5UTdKaXZJS1FLQ0FRRUF3d2dWV09iK1FNeStTSmJEeHlaSmxxL0kKTHZCVVNnVmJJdnQyTEtjMEg0R2E2RnVINktVZHIyRWtqdVNmcXB6bjF0SmxRMlVkNFc3RE9nUnVhUjBMeEQ2YQo0WnRybWRLMHpzbVVrU0x3UjhOMHFEKzc5RTFVYUQ0S3hWbzhaa2MzVFgrVHNMTitzK0dQZjEwL2VVUEgwRHV3CnZnS1dIaXBWdU1ZVEE4djMwUG10TDJwVVdKZnY5aXQvNyszZStEcUljc2lnL2JSMVdOSXFiMW1jL0RPZks2R2gKUW9aSFI3NXo5WGZlazYwSzh2bTdZWk8vQWVWVFd0RC9JWmdYYkhQNzhzVVh4a2x1Ti82c05xT0FiOFN1SGpCSAplL2NXL24ra0NJVHIwTVlPTjM1cUhwYjljdlh4eVQ3MWVsbUh5Y3BmZlh4ZEIyRjNYRHdiQjBVVFZjc0tpUT09Ci0tLS0tRU5EIFJTQSBQUklWQVRFIEtFWS0tLS0tCg==",
                "cluster_ca_certificate": "LS0tLS1CRUdJTiBDRVJUSUZJQ0FURS0tLS0tCk1JSUU2VENDQXRHZ0F3SUJBZ0lSQUxQYlV5MWtzaFpwa3VnK3ZVYnlScnN3RFFZSktvWklodmNOQVFFTEJRQXcKRFRFTE1Ba0dBMVVFQXhNQ1kyRXdJQmNOTWpVd05USTRNVE16TXpVeVdoZ1BNakExTlRBMU1qZ3hNelF6TlRKYQpNQTB4Q3pBSkJnTlZCQU1UQW1OaE1JSUNJakFOQmdrcWhraUc5dzBCQVFFRkFBT0NBZzhBTUlJQ0NnS0NBZ0VBCnhzV05qOGFjbmJWc29mYXF1UDlBUDJwamVFOEJ6ZzNQckdtc3o5UER6ZTBMTEhKam1DZUNIcWxpRkVRRUhEN1MKRmJob2tsekRBQXBGUUtHRjlYb1pJb296N0o5WUlzc2p2K2tvNzFFUmZvWDJHZUZFd3ExYnF1WU1VdVVSRmZTdQo2UjQ4cm11eXpvKzRXWjFYb1RTd2lmZDltTmFGWGQzYkFNSEh3dUFJU29lNTFybVRnNlhIbmdmUTF2RDRVQTBMCnB4SGYwOEVBeGUxSG1kKzVEVC9oMk9yRjdtUEplNWtrcE9EeGFYOThOUEo5WVFHcjZJVU4yRUtIR2NkMUhTZloKL2tpT2xkNFpmM1A0RXBFRXdUOVZZQWw4V09jN0dBclFHdFcrYUN6OE1QdkdOcWZqNmU2UitwKzJ3NEYvczl0eAoxSkxndEN0Z0lJdStVUWpVdkwza0JXK25jVVZzZGdYK1puOCtZY1NYbXRnaWFYUmJtTDZwTDBKNmJELytYNXd2CkZkWFdNbDVJRTZBdTJxU01RakdZVTR0Tll0a0tuaE5yc1lMemlNdVk3WW00ak9aUnBydFY0UkFJc0dkRGtsT3kKNzF0bmdWajZENk0wekZTUUdiOTBMeXIvQzhpcCtMcUZISFl2YUc4QjVDUXQyZ0w4eVZNUlk1Qlg5RDBpRVRVSwpZbERNYXRLTUhxdFp6cFd6TnZRR2k2VmJaN0ljSEw2R0w3emtRb0kzVHdaU1ZOV0pYbWJaZWgrR2o4cUlDWDk2Cm5ud1dMV2NSYnVVRWpSLzlRMU1mVjIxM1FKVGxDaUJDcVkvSENJaUhNMVNObi9zQlZKb1dpamdtWFhaNEJVQ0sKSjY1b0pUM0ZUNWZJNXd3Yy9IVWcvMThmWk5xYjFmbUpCQ3luODJCNlRPMENBd0VBQWFOQ01FQXdEZ1lEVlIwUApBUUgvQkFRREFnS2tNQThHQTFVZEV3RUIvd1FGTUFNQkFmOHdIUVlEVlIwT0JCWUVGSDdMVm1wSEtWNG1BVXY4CnJYOG5nbW9OdDExak1BMEdDU3FHU0liM0RRRUJDd1VBQTRJQ0FRQm1SOW42b0FGK3JUTTNnTm1FalZzZ3g1aUwKZGVEUEJoSzhaNmRBMlhBUUNDZitzNWQwQnpjelB5WkFDMCt1dWN5bFRGWGY5K3U0UFBiV2JCb0FuaktnOW9MRAo5T2FUbGVVbjAzSFRteU5iVS80WEM1VFV6bDRQbVhmNGEwVXJzL0k2UFFFMHVXbk5rdkFOeGgzMXFBWEJBZ2xXCi9vK0ltb3N2OHF6M1plYlRxVGMwOGNKbm1qRGQybHV5SjMxQXQ5NFQyUG9QSU5RU0RtRWlxbVE2UWJsRndQWDMKRzNzcE01UGNXekNUWk9tRDZSa2l6V3hob1Y1MVJaOFVqMGROa1FQa00xbEkrU2Vubk02RDlqQWJqUFI3bmhvTwprcm9xUUpYN0p5eW4yOGlEZE9lN0FDTkxUSGxac2ZMZS80cE1XT2dKS1JtVG9wU2RyL2RIbEdwOFo0WEtDL2M2ClZwK2ViMFN5VXQ1dHVvc0pSMGdkZGljQkNOa3BsRnl2NWlxRHdqalU5QzNydjRVZ0VBdHJQWXZWdlZ4LzE3MngKTWtjR3paTlk1ME5hbjI4blBhdU9nZytubE1TQlZaclVqNTVhQk5HZXdybXlhOTRPaW1jRjhKY1puS2xDMGxvMwpKaUdrSTgwamlLQmN2QjBPQTBIL3h3blJEa3NKZzF0SU9odnVZOExXQXZybEhaczVLYnZkalhVRjhmcHlOei9LCklyVDluemYwb0pYbk1VWk1pS0NGekFYQm5nVlZCRkVNck4renlXVVRPemtqV3VzTTJXYzdMQnRvZXBvOGlXZ2UKMDY1cldBTCtEZGNGWHdxc0R3Z1h1VjZGY2tjdVd6WVlsR3hyYU8wbjVZSkxyU1V4UjlNRzhCcmR3R1lVYWJKdQptcklNQlo2UW5EZjltamd5VkE9PQotLS0tLUVORCBDRVJUSUZJQ0FURS0tLS0tCg==",
                "host": "https://aks-cluster-4psf9a6w.hcp.swedencentral.azmk8s.io:443",
                "password": "j9k64kfk9nnsb9ko3b6q6ut3qr2cdxcnhgaw6od9iqb72s5xxyyavl2efa3f8iw1sw094j54s5pcdqccxh18tuzvdhs3guvrym9agsa7ghkvi3wnbg8kh4fglwdi1vzl",
                "username": "clusterUser_aks-rg_aks-cluster"
              }
            ],
            "kube_config_raw": "apiVersion: v1\nclusters:\n- cluster:\n    certificate-authority-data: LS0tLS1CRUdJTiBDRVJUSUZJQ0FURS0tLS0tCk1JSUU2VENDQXRHZ0F3SUJBZ0lSQUxQYlV5MWtzaFpwa3VnK3ZVYnlScnN3RFFZSktvWklodmNOQVFFTEJRQXcKRFRFTE1Ba0dBMVVFQXhNQ1kyRXdJQmNOTWpVd05USTRNVE16TXpVeVdoZ1BNakExTlRBMU1qZ3hNelF6TlRKYQpNQTB4Q3pBSkJnTlZCQU1UQW1OaE1JSUNJakFOQmdrcWhraUc5dzBCQVFFRkFBT0NBZzhBTUlJQ0NnS0NBZ0VBCnhzV05qOGFjbmJWc29mYXF1UDlBUDJwamVFOEJ6ZzNQckdtc3o5UER6ZTBMTEhKam1DZUNIcWxpRkVRRUhEN1MKRmJob2tsekRBQXBGUUtHRjlYb1pJb296N0o5WUlzc2p2K2tvNzFFUmZvWDJHZUZFd3ExYnF1WU1VdVVSRmZTdQo2UjQ4cm11eXpvKzRXWjFYb1RTd2lmZDltTmFGWGQzYkFNSEh3dUFJU29lNTFybVRnNlhIbmdmUTF2RDRVQTBMCnB4SGYwOEVBeGUxSG1kKzVEVC9oMk9yRjdtUEplNWtrcE9EeGFYOThOUEo5WVFHcjZJVU4yRUtIR2NkMUhTZloKL2tpT2xkNFpmM1A0RXBFRXdUOVZZQWw4V09jN0dBclFHdFcrYUN6OE1QdkdOcWZqNmU2UitwKzJ3NEYvczl0eAoxSkxndEN0Z0lJdStVUWpVdkwza0JXK25jVVZzZGdYK1puOCtZY1NYbXRnaWFYUmJtTDZwTDBKNmJELytYNXd2CkZkWFdNbDVJRTZBdTJxU01RakdZVTR0Tll0a0tuaE5yc1lMemlNdVk3WW00ak9aUnBydFY0UkFJc0dkRGtsT3kKNzF0bmdWajZENk0wekZTUUdiOTBMeXIvQzhpcCtMcUZISFl2YUc4QjVDUXQyZ0w4eVZNUlk1Qlg5RDBpRVRVSwpZbERNYXRLTUhxdFp6cFd6TnZRR2k2VmJaN0ljSEw2R0w3emtRb0kzVHdaU1ZOV0pYbWJaZWgrR2o4cUlDWDk2Cm5ud1dMV2NSYnVVRWpSLzlRMU1mVjIxM1FKVGxDaUJDcVkvSENJaUhNMVNObi9zQlZKb1dpamdtWFhaNEJVQ0sKSjY1b0pUM0ZUNWZJNXd3Yy9IVWcvMThmWk5xYjFmbUpCQ3luODJCNlRPMENBd0VBQWFOQ01FQXdEZ1lEVlIwUApBUUgvQkFRREFnS2tNQThHQTFVZEV3RUIvd1FGTUFNQkFmOHdIUVlEVlIwT0JCWUVGSDdMVm1wSEtWNG1BVXY4CnJYOG5nbW9OdDExak1BMEdDU3FHU0liM0RRRUJDd1VBQTRJQ0FRQm1SOW42b0FGK3JUTTNnTm1FalZzZ3g1aUwKZGVEUEJoSzhaNmRBMlhBUUNDZitzNWQwQnpjelB5WkFDMCt1dWN5bFRGWGY5K3U0UFBiV2JCb0FuaktnOW9MRAo5T2FUbGVVbjAzSFRteU5iVS80WEM1VFV6bDRQbVhmNGEwVXJzL0k2UFFFMHVXbk5rdkFOeGgzMXFBWEJBZ2xXCi9vK0ltb3N2OHF6M1plYlRxVGMwOGNKbm1qRGQybHV5SjMxQXQ5NFQyUG9QSU5RU0RtRWlxbVE2UWJsRndQWDMKRzNzcE01UGNXekNUWk9tRDZSa2l6V3hob1Y1MVJaOFVqMGROa1FQa00xbEkrU2Vubk02RDlqQWJqUFI3bmhvTwprcm9xUUpYN0p5eW4yOGlEZE9lN0FDTkxUSGxac2ZMZS80cE1XT2dKS1JtVG9wU2RyL2RIbEdwOFo0WEtDL2M2ClZwK2ViMFN5VXQ1dHVvc0pSMGdkZGljQkNOa3BsRnl2NWlxRHdqalU5QzNydjRVZ0VBdHJQWXZWdlZ4LzE3MngKTWtjR3paTlk1ME5hbjI4blBhdU9nZytubE1TQlZaclVqNTVhQk5HZXdybXlhOTRPaW1jRjhKY1puS2xDMGxvMwpKaUdrSTgwamlLQmN2QjBPQTBIL3h3blJEa3NKZzF0SU9odnVZOExXQXZybEhaczVLYnZkalhVRjhmcHlOei9LCklyVDluemYwb0pYbk1VWk1pS0NGekFYQm5nVlZCRkVNck4renlXVVRPemtqV3VzTTJXYzdMQnRvZXBvOGlXZ2UKMDY1cldBTCtEZGNGWHdxc0R3Z1h1VjZGY2tjdVd6WVlsR3hyYU8wbjVZSkxyU1V4UjlNRzhCcmR3R1lVYWJKdQptcklNQlo2UW5EZjltamd5VkE9PQotLS0tLUVORCBDRVJUSUZJQ0FURS0tLS0tCg==\n    server: https://aks-cluster-4psf9a6w.hcp.swedencentral.azmk8s.io:443\n  name: aks-cluster\ncontexts:\n- context:\n    cluster: aks-cluster\n    user: clusterUser_aks-rg_aks-cluster\n  name: aks-cluster\ncurrent-context: aks-cluster\nkind: Config\npreferences: {}\nusers:\n- name: clusterUser_aks-rg_aks-cluster\n  user:\n    client-certificate-data: LS0tLS1CRUdJTiBDRVJUSUZJQ0FURS0tLS0tCk1JSUZIakNDQXdhZ0F3SUJBZ0lSQU5Rby8zL3Y0TDcwd0J0eENkYkNpWVF3RFFZSktvWklodmNOQVFFTEJRQXcKRFRFTE1Ba0dBMVVFQXhNQ1kyRXdIaGNOTWpVd05USTRNVE16TXpVeVdoY05NamN3TlRJNE1UTTBNelV5V2pBdwpNUmN3RlFZRFZRUUtFdzV6ZVhOMFpXMDZiV0Z6ZEdWeWN6RVZNQk1HQTFVRUF4TU1iV0Z6ZEdWeVkyeHBaVzUwCk1JSUNJakFOQmdrcWhraUc5dzBCQVFFRkFBT0NBZzhBTUlJQ0NnS0NBZ0VBdnNrZkt5MU1BY0dpVlVVK1NyKzYKOTEzVENmNlZGRFJQSTVlL01rQkVpTDJlN00yVFl2TVVtV2MrTitCUzFNVVR1T3pCRkNleHp4Q0lBWUxvdzA5MQpsK3FLN1JzUWxhWUdWdFhuZzduSVlGbC9IQjNKR1I4akhWMkdMQkloNlB6d2ZiVDdQUzJRbGR2R1NRanFBcFlSCnk5eFlFb2hDUW1Sa0RSRTVOaFhGNjNzdFZPS2pvVExtd3c2MUtmTFVRWlg5VEdERzVZZjlGazByY3dhVkpOWjcKNVA0MFoxcklrYVVEV0NIcnErNVlGUHhUS1g2WW5sSUg2ck1KdXNENitIUFl3SDFnN1g2QkdjaG5DMzhPNzVaNApWYituU2pHYjVwb0hTb3k0YUtidTdRMUNaUHI1dDF1MW1GN2JLRlZ6b1ByRVQzVXNwVmFod24yc3FaMk0rUVgwCmFVOHpJNXhzYnBoc2hTSlo0cXEwK2JqODRtbE5HWDJjSFUxZThxZGRRODJRdFZ4eWViKzhhVVR1RkR1L2ZmcFoKWDlZWUtRMUNnbVVlZG9FSklvZkMvYld4N1A1bU1ucmxEbHpkS2pvc2h2NVA1dU9raDdWNkFWUU9qUWFKbjFmdQpKQVc3NUpWSmQ3MC9XSFBMdEk5WUV5SWNmM1BmQmdvazQzNk1XbEcwK2t6QUtsV2JSNm5NZHRFRnlCdDh5MURXCksrdlhLV1RwRWdMbGhiN3Y4TEtBQTB6YVBPWCt6OGJtY2ZXY1FxVzdXd1Zncm9neFA3Z0dDVlY0aWpBamc1Y1QKRjJYTDk3SHVmTE9RYVpMNGRCNExtdkhiYVlxaVYwYUdnRkxQQWEyWEhQTjI3OU0yVGVhTFZKZkhBeXpVa0h2Lwp5QjlZU0xGMkxRUWJMUUNaM3BvbmR2TUNBd0VBQWFOV01GUXdEZ1lEVlIwUEFRSC9CQVFEQWdXZ01CTUdBMVVkCkpRUU1NQW9HQ0NzR0FRVUZCd01DTUF3R0ExVWRFd0VCL3dRQ01BQXdId1lEVlIwakJCZ3dGb0FVZnN0V2FrY3AKWGlZQlMveXRmeWVDYWcyM1hXTXdEUVlKS29aSWh2Y05BUUVMQlFBRGdnSUJBSGhubjFNa0FEUmd6VmtGVHo3QQpSYVFFMFdjeXZlZ2VrUkpjUnpHaCtySklDWWNQTTc2d0VHcEY1dG1XbE1vcjYwalRjdE5GR1cxdDRyU051eEpCCmlYbDRreXBpMHhoUFc0cnl5VnJoS2h3Z2dWZjBESzF2WTFNTEFDaHIvajhCSktub0hpVlpBNXRxZ2k4QzVDcmQKTmpnamNEZTNrdU91bmlydXorUDR5QzZPeVF5L01Bd2Jaa2xjU1ZVajQwVlkwczJlZzBPeDcvNGpWTUlIUXhieQp4QThncWJMeGU0UXVZdlBIVm1oTUhKMnQ0ZmpUbVA1cDhUYmxDN3hMcDYvcFhBM1ZkQVQ2STFpdmZqV29GaElCClZBWXpKa3ZjMm9rNkY1MFIyL1Nka1dyQkplTE5Oa2xPSzBQc1RkcmVDWG5GOXpHanltYnhTYTFCZUZjNHpJek8KMDd5eU9vVVFmM3crSDAyajJUS3lRNGozc3E2QkNiMmJ6bDhDS3pRRlh0NGhsbEkyRFB0L1JmcGQ4R1lIWVdyYwo2NmROTUp5RmNSK25xYVRsZmRNVlZSZ3UwdE1kM0tFT2FnMk9zM3V1NzdvakhKUVMyVW4yd2tpUlBZNjJoN2tBCjZpSzJLMUt1ODdnb1VGMkRMVmhpVSs4Yk1NS0Uxd2N5TitqZ1ZXeEpBZ1JGdmkxZENjM05KTUpXQ3ZzU2N3WWkKUWpHams0NEIrdUp2K0FUaVJyeENRTEtXeHdra1oyUnhWVzJxS2dwaktMSldDZ1NIYUtIT2JJc3hKcDJjenVrbgptd21IblV3b0Y5K2UwZGJRQWZrSWpSQ2E3bU1LS3oxNFZjU0NEclZsdlBTSjBxc0llcFN5ejAwWThUd1M1NmFTCmp0UEt4cGxHWWFiWUR4N3hHcWJNaktwegotLS0tLUVORCBDRVJUSUZJQ0FURS0tLS0tCg==\n    client-key-data: LS0tLS1CRUdJTiBSU0EgUFJJVkFURSBLRVktLS0tLQpNSUlKS2dJQkFBS0NBZ0VBdnNrZkt5MU1BY0dpVlVVK1NyKzY5MTNUQ2Y2VkZEUlBJNWUvTWtCRWlMMmU3TTJUCll2TVVtV2MrTitCUzFNVVR1T3pCRkNleHp4Q0lBWUxvdzA5MWwrcUs3UnNRbGFZR1Z0WG5nN25JWUZsL0hCM0oKR1I4akhWMkdMQkloNlB6d2ZiVDdQUzJRbGR2R1NRanFBcFlSeTl4WUVvaENRbVJrRFJFNU5oWEY2M3N0Vk9LagpvVExtd3c2MUtmTFVRWlg5VEdERzVZZjlGazByY3dhVkpOWjc1UDQwWjFySWthVURXQ0hycSs1WUZQeFRLWDZZCm5sSUg2ck1KdXNENitIUFl3SDFnN1g2QkdjaG5DMzhPNzVaNFZiK25TakdiNXBvSFNveTRhS2J1N1ExQ1pQcjUKdDF1MW1GN2JLRlZ6b1ByRVQzVXNwVmFod24yc3FaMk0rUVgwYVU4ekk1eHNicGhzaFNKWjRxcTArYmo4NG1sTgpHWDJjSFUxZThxZGRRODJRdFZ4eWViKzhhVVR1RkR1L2ZmcFpYOVlZS1ExQ2dtVWVkb0VKSW9mQy9iV3g3UDVtCk1ucmxEbHpkS2pvc2h2NVA1dU9raDdWNkFWUU9qUWFKbjFmdUpBVzc1SlZKZDcwL1dIUEx0STlZRXlJY2YzUGYKQmdvazQzNk1XbEcwK2t6QUtsV2JSNm5NZHRFRnlCdDh5MURXSyt2WEtXVHBFZ0xsaGI3djhMS0FBMHphUE9YKwp6OGJtY2ZXY1FxVzdXd1Zncm9neFA3Z0dDVlY0aWpBamc1Y1RGMlhMOTdIdWZMT1FhWkw0ZEI0TG12SGJhWXFpClYwYUdnRkxQQWEyWEhQTjI3OU0yVGVhTFZKZkhBeXpVa0h2L3lCOVlTTEYyTFFRYkxRQ1ozcG9uZHZNQ0F3RUEKQVFLQ0FnRUFoWk9SSkF6UjQ0VHNJR0dicklBeTZsQ2htcVRKUWQwaDc1eW1QQXV0TUVQN0NuY2dreTM0SlRPWQo1MHhERWo5dGdKTWExLzYyeW5BYm1WdExscnVDYkx2RlN4OGc3SFhTaUdlNWNZdlkxRVMwN3oyWGQrUktGSnhQCmZYbXdqa3pTSUdGZmFrVUZyemF4eko3V0lMdHJlRjBzdU1UNEJ6MzhvdjJGSGUzK3BkR1hPcEIzMmp3bVB6bUQKOC92VlNwbzJQNHllbFVReUdiUXNFSnZ5UGxtQll5SHNGTlVHQ3BzTERXQ3FmYlVocklmQnZoS3B6bWRHcmJkdQp2M2V2LzlZMFV3azFuUEp1ZDF2TmNjb2k3ZkpmREVKa1lWajhlMmNxWmJMQ3hscmllOHhGeVNmRFFQS1A0VC9BCmw2dkVpbGdvckMwdzlnNENzWWFHSmpkdDVVaWJCdzZ0YUlud2w2d0JsL0R2SFRpWjhMVE0zc3d6Sm5nNGhUeVcKWGhFUmowQmNHVXk5RXBEZUhwSktTdkovSUhxSU1mRkVCMklzbTNXN2JsRFZnQ25EeE5rS3VjU25KTHBXaXpNbwoxZWZSZDZGWnNjblZmeXM2TDRWaFluT0tZQ0RiOFhYV0FsZFJiUElHOVJNZUJuV1J3U3dqVUNjTWI0V3crbTdQCmY2VHJ0OHkvWkpnOGtiamhNeW9wR2pnRE1Ma3htZ2dicDlOR0tSVlpoSHl5Ukh4bDVuYithZGt2ODFsbFZXNmQKTkVpczlPSUgwK2pYL1doL3pBbTRlL3NPQUZ3bVJvTFdYdkdWTlNTeUJCQnhPMW9oVnNuNm5yY0hoakNsNkFObApGaTFKOUxZQ2dUL2M3WWtrUFc4aTFSTWtYVTZOblFqS2Z1QmZaWlI5Zk9lSjJRMHl3SmtDZ2dFQkFOTjhBNG4rCjI5bEhucUl3V1JUc29oUk1sbFdiQ2RNM3AxbDlZbHBvYXdFakdGcUxEWXR3ZFZkSGtPVEYyRzZHOXFMdmV4YUUKeXZmejhjdXp0K2RkcFp2VHRXVC9EZitUSGhzSnF5R0sySmcrZjZmS3g5bU1rM0d0Z2o2K0NDS2JaZ1kyZVhPMQpwSGpmNjJuUWpJNnFvMFhZL0d6MjhXNVN4cmxmb3lsQktOc3pqcFlyYzJ3bHd6UHZHZFlHZDVBMjIvYnU5YzN2CmVnQW5jdVhUazFVdVV4Vm9nWU1wK29wS0RuUUhZUHJaa1R2dURoTGRUakNEa2Fqd1ZaRHF4ZHQyYjBoOFYyNnAKYXBsdjRZRXYzbXFaWUlkeGU3WlBOTVRRazFYOGFhckl0TXdYQklXQVFsUlFmU204QmNYWU1lL2ZyZTJVK0hsdwowSVUwN25ueVV3RVRYaWNDZ2dFQkFPYnh2U0VPVE13ZFBaRHUwN2VRUTdNQjFWWE5xY1Z2U0NMTjJVMHl5OCtLCkZlL1BCZlg1UFVERkJNTEZFd2N0MkdEOTdhajNzbjRZQ01zcERud3kyV3Arcy9OOWZDVDdJUmZkZEhWc0V2bXYKY0J0M3J6Zk5uTmRKeUpRWUdCR251OEEreDVreU1EcnRnbzFFK2YvRndKMGsxMjZoa1YwYVFZRXVpQitSZ0RndQo1aGtLK3ZVdG9pdlFOVXd6RnFuOFh4M3IxWHlCNnpBSlQwQ2xEYUVEdUdRQmVBbGUzcUsrcjA0VkV4YWkrdjdHCmFOR3lkdHVGQWpJM2s3NWtmWnJuUUlVWjFUdEwzTEY0NG5BdjJ6UkZWck5GRXlPa2RKcG5TM3hlRENPaUl0eGIKSkZaYUxTc21nMjcwMkUvb2JyWHVOem5pSExsUG5Wd1Z3KzlTTE5veHJGVUNnZ0VCQU1LcVk0T1JZWUxHUndIWgo2UlcybjVaNXpPT3RtMFNkOU9BTjV3dDdGQXZ1NXdybzlpWEU5VzNLaFZmZnVWSTd6eWk1c1o1UHk1aWpKbzJ2CnR2YzBIeTJwbVU0RzdEYTFqNytwamFtSmFjZnh0NFdXeFpDOXNqYXdWTFEyTGJ6Vk4vcytCMXQzOXBZQTMydisKT0hOV0pJWTFybDBLamI5VVdISG4wNE0wNUV1cFVIVndONFZ6MlJPajRpODhzcSsvbjRmVCs5Ujh1OXNLZE51UwpmZ3FwWW5iUlJHMmNwVzdIcmpnbFZxSnd4QnZiQzM5WDBCSWQrV1Q5SEhZUmRPQ0hTdlg0NW00SmFnTWtsZmxaCk82ejUwMzI0K3Z3Y09tRno4RHIwNWJyN2xsaEtVN0lqRm1zUHo3WXJ5VkNNcWFLNFRSdmt4VGJibmtVUExQaDUKRXVocGtIOENnZ0VBV281NzNOUmdwTURxZlVSSTNIZkROQlFKOVNVNTV1TWw1QS9YbjMvRmoxSFVIRDZQVmM0dgppSkE0dDY3VE1VTjJ6MEdDeVhpbkV1NlZ0Q1FiTy9Rc2NLZlNKQzRXV2VIbkxoWjJMZno4eTg5UkpGUWY3cisvCk9tUUNOSi9tQURaSFZyREhUM2p3bElyQllHZWxwL2VBK1oyU3BCelNoVEZnY2lrdTAwSVlodTlNNXBENXF0NEQKOHk0bldBUElaVXRDZU5jYTFVR1VXVGV0VGVucW1ESi9RU2VhVEFKWlJuT0RCaGtaYlF6bllyT21NbVBLVzNXaQpVTktlS2svNU9KNXBIRWZ1NXR0dVpHREVXYjFLTlFyalhsUTlsd0pMZnFmMlg0UDVPcGUvRjZ6ZGFNYmZZMFlzCnozdE92cmFqZ3M4djlKQ0hOdHJURjJLcGU5UTdKaXZJS1FLQ0FRRUF3d2dWV09iK1FNeStTSmJEeHlaSmxxL0kKTHZCVVNnVmJJdnQyTEtjMEg0R2E2RnVINktVZHIyRWtqdVNmcXB6bjF0SmxRMlVkNFc3RE9nUnVhUjBMeEQ2YQo0WnRybWRLMHpzbVVrU0x3UjhOMHFEKzc5RTFVYUQ0S3hWbzhaa2MzVFgrVHNMTitzK0dQZjEwL2VVUEgwRHV3CnZnS1dIaXBWdU1ZVEE4djMwUG10TDJwVVdKZnY5aXQvNyszZStEcUljc2lnL2JSMVdOSXFiMW1jL0RPZks2R2gKUW9aSFI3NXo5WGZlazYwSzh2bTdZWk8vQWVWVFd0RC9JWmdYYkhQNzhzVVh4a2x1Ti82c05xT0FiOFN1SGpCSAplL2NXL24ra0NJVHIwTVlPTjM1cUhwYjljdlh4eVQ3MWVsbUh5Y3BmZlh4ZEIyRjNYRHdiQjBVVFZjc0tpUT09Ci0tLS0tRU5EIFJTQSBQUklWQVRFIEtFWS0tLS0tCg==\n    token: j9k64kfk9nnsb9ko3b6q6ut3qr2cdxcnhgaw6od9iqb72s5xxyyavl2efa3f8iw1sw094j54s5pcdqccxh18tuzvdhs3guvrym9agsa7ghkvi3wnbg8kh4fglwdi1vzl\n",
            "kubelet_identity": [
              {
                "client_id": "2b74e2e8-12a1-4fec-b218-b59d28a2e261",
                "object_id": "960f582a-647a-4759-a11e-63dad5d778b0",
                "user_assigned_identity_id": "/subscriptions/550ea751-3a3c-4a25-8773-93d9ec783ca5/resourceGroups/MC_aks-rg_aks-cluster_swedencentral/providers/Microsoft.ManagedIdentity/userAssignedIdentities/aks-cluster-agentpool"
              }
            ],
            "kubernetes_version": "1.31",
            "linux_profile": [
              {
                "admin_username": "azureuser",
                "ssh_key": [
                  {
                    "key_data": "ssh-rsa AAAAB3NzaC1yc2EAAAADAQABAAABAQCtqaYPjWMWcpxUbNEkJqliilYgVDowWyKYLKv8okkKOlEcA0wf03xye1FJ13nflzW1cs1CKOA52SR2qEvziC7K1Tk0GPMZpiKcIu6NUAxjwP0OdhSX4vejviBbn5CqIdmCehAv74UGhVYAjBjvFV9rH892jy8dPec7hIf0UUTNN/U/DDX0u4CfakxvD7vT58USlxI1IHKfr1qJ+vcS+SrqhGBRvCmEX6jk0V/xbL1v+gsOLVr7MwQjid006VGfzyC9f5scXo+7MwFzmYmmPTwEExwN6f/TpMHZB/vGA1c16HF4zr4NlrLFqHmmEqmUhI9k9phYPEqBfWhHTspIaJo3"
                  }
                ]
              }
            ],
            "local_account_disabled": false,
            "location": "swedencentral",
            "maintenance_window": [],
            "maintenance_window_auto_upgrade": [],
            "maintenance_window_node_os": [],
            "microsoft_defender": [],
            "monitor_metrics": [],
            "name": "aks-cluster",
            "network_profile": [
              {
                "dns_service_ip": "10.0.0.10",
                "ip_versions": [
                  "IPv4"
                ],
                "load_balancer_profile": [
                  {
                    "backend_pool_type": "NodeIPConfiguration",
                    "effective_outbound_ips": [
                      "/subscriptions/550ea751-3a3c-4a25-8773-93d9ec783ca5/resourceGroups/MC_aks-rg_aks-cluster_swedencentral/providers/Microsoft.Network/publicIPAddresses/f7d6e819-d22c-4099-b2fd-d031a709775d"
                    ],
                    "idle_timeout_in_minutes": 0,
                    "managed_outbound_ip_count": 1,
                    "managed_outbound_ipv6_count": 0,
                    "outbound_ip_address_ids": [],
                    "outbound_ip_prefix_ids": [],
                    "outbound_ports_allocated": 0
                  }
                ],
                "load_balancer_sku": "standard",
                "nat_gateway_profile": [],
                "network_data_plane": "azure",
                "network_mode": "",
                "network_plugin": "azure",
                "network_plugin_mode": "",
                "network_policy": "",
                "outbound_type": "loadBalancer",
                "pod_cidr": "",
                "pod_cidrs": [],
                "service_cidr": "10.0.0.0/16",
                "service_cidrs": [
                  "10.0.0.0/16"
                ]
              }
            ],
            "node_os_upgrade_channel": "NodeImage",
            "node_resource_group": "MC_aks-rg_aks-cluster_swedencentral",
            "node_resource_group_id": "/subscriptions/550ea751-3a3c-4a25-8773-93d9ec783ca5/resourceGroups/MC_aks-rg_aks-cluster_swedencentral",
            "oidc_issuer_enabled": false,
            "oidc_issuer_url": "",
            "oms_agent": [],
            "open_service_mesh_enabled": false,
            "portal_fqdn": "aks-cluster-4psf9a6w.portal.hcp.swedencentral.azmk8s.io",
            "private_cluster_enabled": false,
            "private_cluster_public_fqdn_enabled": false,
            "private_dns_zone_id": "",
            "private_fqdn": "",
            "resource_group_name": "aks-rg",
            "role_based_access_control_enabled": true,
            "run_command_enabled": true,
            "service_mesh_profile": [],
            "service_principal": [],
            "sku_tier": "Free",
            "storage_profile": [],
            "support_plan": "KubernetesOfficial",
            "tags": {},
            "timeouts": null,
            "web_app_routing": [],
            "windows_profile": [
              {
                "admin_password": "",
                "admin_username": "azureuser",
                "gmsa": [],
                "license": ""
              }
            ],
            "workload_autoscaler_profile": [],
            "workload_identity_enabled": false
          },
          "sensitive_attributes": [
            [
              {
                "type": "get_attr",
                "value": "kube_admin_config"
              }
            ],
            [
              {
                "type": "get_attr",
                "value": "kube_admin_config_raw"
              }
            ],
            [
              {
                "type": "get_attr",
                "value": "kube_config"
              }
            ],
            [
              {
                "type": "get_attr",
                "value": "kube_config_raw"
              }
            ],
            [
              {
                "type": "get_attr",
                "value": "windows_profile"
              },
              {
                "type": "index",
                "value": {
                  "value": 0,
                  "type": "number"
                }
              },
              {
                "type": "get_attr",
                "value": "admin_password"
              }
            ]
          ],
          "identity_schema_version": 0,
          "private": "eyJlMmJmYjczMC1lY2FhLTExZTYtOGY4OC0zNDM2M2JjN2M0YzAiOnsiY3JlYXRlIjo1NDAwMDAwMDAwMDAwLCJkZWxldGUiOjU0MDAwMDAwMDAwMDAsInJlYWQiOjMwMDAwMDAwMDAwMCwidXBkYXRlIjo1NDAwMDAwMDAwMDAwfSwic2NoZW1hX3ZlcnNpb24iOiIyIn0=",
          "dependencies": [
            "azurerm_resource_group.rg"
          ]
        }
      ]
    },
    {
      "mode": "managed",
      "type": "azurerm_kubernetes_cluster_node_pool",
      "name": "product_nodepool",
      "provider": "provider[\"registry.terraform.io/hashicorp/azurerm\"]",
      "instances": [
        {
          "index_key": "appnodepool",
          "schema_version": 1,
          "attributes": {
            "auto_scaling_enabled": true,
            "capacity_reservation_group_id": "",
            "eviction_policy": "",
            "fips_enabled": false,
            "gpu_instance": null,
            "host_encryption_enabled": false,
            "host_group_id": "",
            "id": "/subscriptions/550ea751-3a3c-4a25-8773-93d9ec783ca5/resourceGroups/aks-rg/providers/Microsoft.ContainerService/managedClusters/aks-cluster/agentPools/appnodepool",
            "kubelet_config": [],
            "kubelet_disk_type": "OS",
            "kubernetes_cluster_id": "/subscriptions/550ea751-3a3c-4a25-8773-93d9ec783ca5/resourceGroups/aks-rg/providers/Microsoft.ContainerService/managedClusters/aks-cluster",
            "linux_os_config": [],
            "max_count": 1,
            "max_pods": 30,
            "min_count": 1,
            "mode": "User",
            "name": "appnodepool",
            "node_count": 1,
            "node_labels": {
              "role": "app"
            },
            "node_network_profile": [],
            "node_public_ip_enabled": false,
            "node_public_ip_prefix_id": "",
            "node_taints": [],
            "orchestrator_version": "1.31.1",
            "os_disk_size_gb": 30,
            "os_disk_type": "Managed",
            "os_sku": "Ubuntu",
            "os_type": "Linux",
            "pod_subnet_id": "",
            "priority": "Regular",
            "proximity_placement_group_id": "",
            "scale_down_mode": "Delete",
            "snapshot_id": null,
            "spot_max_price": -1,
            "tags": {
              "env": "prod"
            },
            "timeouts": null,
            "ultra_ssd_enabled": false,
            "upgrade_settings": [],
            "vm_size": "Standard_B2s",
            "vnet_subnet_id": "",
            "windows_profile": [],
            "workload_runtime": null,
            "zones": [
              "1"
            ]
          },
          "sensitive_attributes": [],
          "identity_schema_version": 0,
          "private": "eyJlMmJmYjczMC1lY2FhLTExZTYtOGY4OC0zNDM2M2JjN2M0YzAiOnsiY3JlYXRlIjozNjAwMDAwMDAwMDAwLCJkZWxldGUiOjM2MDAwMDAwMDAwMDAsInJlYWQiOjMwMDAwMDAwMDAwMCwidXBkYXRlIjozNjAwMDAwMDAwMDAwfSwic2NoZW1hX3ZlcnNpb24iOiIxIn0=",
          "dependencies": [
            "azurerm_kubernetes_cluster.aks",
            "azurerm_resource_group.rg"
          ]
        }
      ]
    },
    {
      "mode": "managed",
      "type": "azurerm_resource_group",
      "name": "rg",
      "provider": "provider[\"registry.terraform.io/hashicorp/azurerm\"]",
      "instances": [
        {
          "schema_version": 0,
          "attributes": {
            "id": "/subscriptions/550ea751-3a3c-4a25-8773-93d9ec783ca5/resourceGroups/aks-rg",
            "location": "swedencentral",
            "managed_by": "",
            "name": "aks-rg",
            "tags": {},
            "timeouts": null
          },
          "sensitive_attributes": [],
          "identity_schema_version": 0,
          "private": "eyJlMmJmYjczMC1lY2FhLTExZTYtOGY4OC0zNDM2M2JjN2M0YzAiOnsiY3JlYXRlIjo1NDAwMDAwMDAwMDAwLCJkZWxldGUiOjU0MDAwMDAwMDAwMDAsInJlYWQiOjMwMDAwMDAwMDAwMCwidXBkYXRlIjo1NDAwMDAwMDAwMDAwfX0="
        }
      ]
    },
    {
      "mode": "managed",
      "type": "kubernetes_config_map",
      "name": "nginx_index",
      "provider": "provider[\"registry.terraform.io/hashicorp/kubernetes\"]",
      "instances": [
        {
          "schema_version": 0,
          "attributes": {
            "binary_data": {},
            "data": {
              "index.html": "\u003c!DOCTYPE html\u003e\r\n\u003chtml\u003e\r\n\u003chead\u003e\u003ctitle\u003eWelcome\u003c/title\u003e\u003c/head\u003e\r\n\u003cbody\u003e\u003ch1\u003eHello Raghu Malangari\u003c/h1\u003e\u003c/body\u003e\r\n\u003c/html\u003e\r\n"
            },
            "id": "default/nginx-index",
            "immutable": false,
            "metadata": [
              {
                "annotations": {},
                "generate_name": "",
                "generation": 0,
                "labels": {},
                "name": "nginx-index",
                "namespace": "default",
                "resource_version": "93774",
                "uid": "fa8dbe0e-c062-41bc-82e4-c68cddde865e"
              }
            ]
          },
          "sensitive_attributes": [],
          "identity_schema_version": 1,
          "identity": {
            "api_version": "v1",
            "kind": "ConfigMap",
            "name": "nginx-index",
            "namespace": "default"
          },
          "private": "bnVsbA==",
          "dependencies": [
            "azurerm_kubernetes_cluster.aks",
            "azurerm_resource_group.rg"
          ]
        }
      ]
    },
    {
      "mode": "managed",
      "type": "kubernetes_deployment",
      "name": "webapp",
      "provider": "provider[\"registry.terraform.io/hashicorp/kubernetes\"]",
      "instances": [
        {
          "schema_version": 1,
          "attributes": {
            "id": "default/webapp",
            "metadata": [
              {
                "annotations": {},
                "generate_name": "",
                "generation": 10,
                "labels": {
                  "app": "webapp"
                },
                "name": "webapp",
                "namespace": "default",
                "resource_version": "143596",
                "uid": "c764f0f4-d0aa-4269-b4dc-aedf2b2b4741"
              }
            ],
            "spec": [
              {
                "min_ready_seconds": 0,
                "paused": false,
                "progress_deadline_seconds": 600,
                "replicas": "2",
                "revision_history_limit": 10,
                "selector": [
                  {
                    "match_expressions": [],
                    "match_labels": {
                      "app": "webapp"
                    }
                  }
                ],
                "strategy": [
                  {
                    "rolling_update": [
                      {
                        "max_surge": "25%",
                        "max_unavailable": "25%"
                      }
                    ],
                    "type": "RollingUpdate"
                  }
                ],
                "template": [
                  {
                    "metadata": [
                      {
                        "annotations": {},
                        "generate_name": "",
                        "generation": 0,
                        "labels": {
                          "app": "webapp"
                        },
                        "name": "",
                        "namespace": "",
                        "resource_version": "",
                        "uid": ""
                      }
                    ],
                    "spec": [
                      {
                        "active_deadline_seconds": 0,
                        "affinity": [],
                        "automount_service_account_token": true,
                        "container": [
                          {
                            "args": [],
                            "command": [],
                            "env": [],
                            "env_from": [],
                            "image": "nginx:latest",
                            "image_pull_policy": "Always",
                            "lifecycle": [],
                            "liveness_probe": [
                              {
                                "exec": [],
                                "failure_threshold": 3,
                                "grpc": [],
                                "http_get": [
                                  {
                                    "host": "",
                                    "http_header": [],
                                    "path": "/",
                                    "port": "80",
                                    "scheme": "HTTP"
                                  }
                                ],
                                "initial_delay_seconds": 15,
                                "period_seconds": 20,
                                "success_threshold": 1,
                                "tcp_socket": [],
                                "timeout_seconds": 1
                              }
                            ],
                            "name": "webapp",
                            "port": [
                              {
                                "container_port": 80,
                                "host_ip": "",
                                "host_port": 0,
                                "name": "",
                                "protocol": "TCP"
                              }
                            ],
                            "readiness_probe": [
                              {
                                "exec": [],
                                "failure_threshold": 3,
                                "grpc": [],
                                "http_get": [
                                  {
                                    "host": "",
                                    "http_header": [],
                                    "path": "/",
                                    "port": "80",
                                    "scheme": "HTTP"
                                  }
                                ],
                                "initial_delay_seconds": 5,
                                "period_seconds": 10,
                                "success_threshold": 1,
                                "tcp_socket": [],
                                "timeout_seconds": 1
                              }
                            ],
                            "resources": [
                              {
                                "limits": {
                                  "cpu": "300m",
                                  "memory": "256Mi"
                                },
                                "requests": {
                                  "cpu": "100m",
                                  "memory": "128Mi"
                                }
                              }
                            ],
                            "security_context": [],
                            "startup_probe": [],
                            "stdin": false,
                            "stdin_once": false,
                            "termination_message_path": "/dev/termination-log",
                            "termination_message_policy": "File",
                            "tty": false,
                            "volume_device": [],
                            "volume_mount": [
                              {
                                "mount_path": "/usr/share/nginx/html/index.html",
                                "mount_propagation": "None",
                                "name": "index-html",
                                "read_only": true,
                                "sub_path": "index.html"
                              },
                              {
                                "mount_path": "/var/cache/nginx",
                                "mount_propagation": "None",
                                "name": "nginx-cache",
                                "read_only": false,
                                "sub_path": ""
                              }
                            ],
                            "working_dir": ""
                          }
                        ],
                        "dns_config": [],
                        "dns_policy": "ClusterFirst",
                        "enable_service_links": true,
                        "host_aliases": [],
                        "host_ipc": false,
                        "host_network": false,
                        "host_pid": false,
                        "hostname": "",
                        "image_pull_secrets": [],
                        "init_container": [],
                        "node_name": "",
                        "node_selector": {},
                        "os": [],
                        "priority_class_name": "",
                        "readiness_gate": [],
                        "restart_policy": "Always",
                        "runtime_class_name": "",
                        "scheduler_name": "default-scheduler",
                        "security_context": [
                          {
                            "fs_group": "",
                            "fs_group_change_policy": "",
                            "run_as_group": "",
                            "run_as_non_root": false,
                            "run_as_user": "",
                            "se_linux_options": [],
                            "seccomp_profile": [],
                            "supplemental_groups": [],
                            "sysctl": [],
                            "windows_options": []
                          }
                        ],
                        "service_account_name": "",
                        "share_process_namespace": false,
                        "subdomain": "",
                        "termination_grace_period_seconds": 30,
                        "toleration": [],
                        "topology_spread_constraint": [],
                        "volume": [
                          {
                            "aws_elastic_block_store": [],
                            "azure_disk": [],
                            "azure_file": [],
                            "ceph_fs": [],
                            "cinder": [],
                            "config_map": [
                              {
                                "default_mode": "0644",
                                "items": [],
                                "name": "nginx-index",
                                "optional": false
                              }
                            ],
                            "csi": [],
                            "downward_api": [],
                            "empty_dir": [],
                            "ephemeral": [],
                            "fc": [],
                            "flex_volume": [],
                            "flocker": [],
                            "gce_persistent_disk": [],
                            "git_repo": [],
                            "glusterfs": [],
                            "host_path": [],
                            "iscsi": [],
                            "local": [],
                            "name": "index-html",
                            "nfs": [],
                            "persistent_volume_claim": [],
                            "photon_persistent_disk": [],
                            "projected": [],
                            "quobyte": [],
                            "rbd": [],
                            "secret": [],
                            "vsphere_volume": []
                          },
                          {
                            "aws_elastic_block_store": [],
                            "azure_disk": [],
                            "azure_file": [],
                            "ceph_fs": [],
                            "cinder": [],
                            "config_map": [],
                            "csi": [],
                            "downward_api": [],
                            "empty_dir": [
                              {
                                "medium": "",
                                "size_limit": ""
                              }
                            ],
                            "ephemeral": [],
                            "fc": [],
                            "flex_volume": [],
                            "flocker": [],
                            "gce_persistent_disk": [],
                            "git_repo": [],
                            "glusterfs": [],
                            "host_path": [],
                            "iscsi": [],
                            "local": [],
                            "name": "nginx-cache",
                            "nfs": [],
                            "persistent_volume_claim": [],
                            "photon_persistent_disk": [],
                            "projected": [],
                            "quobyte": [],
                            "rbd": [],
                            "secret": [],
                            "vsphere_volume": []
                          }
                        ]
                      }
                    ]
                  }
                ]
              }
            ],
            "timeouts": null,
            "wait_for_rollout": true
          },
          "sensitive_attributes": [],
          "identity_schema_version": 0,
          "private": "eyJlMmJmYjczMC1lY2FhLTExZTYtOGY4OC0zNDM2M2JjN2M0YzAiOnsiY3JlYXRlIjo2MDAwMDAwMDAwMDAsImRlbGV0ZSI6NjAwMDAwMDAwMDAwLCJ1cGRhdGUiOjYwMDAwMDAwMDAwMH0sInNjaGVtYV92ZXJzaW9uIjoiMSJ9",
          "dependencies": [
            "azurerm_kubernetes_cluster.aks",
            "azurerm_resource_group.rg"
          ]
        }
      ]
    },
    {
      "mode": "managed",
      "type": "kubernetes_service",
      "name": "webapp_service",
      "provider": "provider[\"registry.terraform.io/hashicorp/kubernetes\"]",
      "instances": [
        {
          "schema_version": 1,
          "attributes": {
            "id": "default/webapp-service",
            "metadata": [
              {
                "annotations": {},
                "generate_name": "",
                "generation": 0,
                "labels": {},
                "name": "webapp-service",
                "namespace": "default",
                "resource_version": "91572",
                "uid": "b1484480-09e6-4092-a041-cb4f884221b1"
              }
            ],
            "spec": [
              {
                "allocate_load_balancer_node_ports": true,
                "cluster_ip": "10.0.41.226",
                "cluster_ips": [
                  "10.0.41.226"
                ],
                "external_ips": [],
                "external_name": "",
                "external_traffic_policy": "Cluster",
                "health_check_node_port": 0,
                "internal_traffic_policy": "Cluster",
                "ip_families": [
                  "IPv4"
                ],
                "ip_family_policy": "SingleStack",
                "load_balancer_class": "",
                "load_balancer_ip": "",
                "load_balancer_source_ranges": [],
                "port": [
                  {
                    "app_protocol": "",
                    "name": "",
                    "node_port": 30787,
                    "port": 80,
                    "protocol": "TCP",
                    "target_port": "80"
                  }
                ],
                "publish_not_ready_addresses": false,
                "selector": {
                  "app": "webapp"
                },
                "session_affinity": "None",
                "session_affinity_config": [],
                "type": "LoadBalancer"
              }
            ],
            "status": [
              {
                "load_balancer": [
                  {
                    "ingress": [
                      {
                        "hostname": "",
                        "ip": "4.225.118.241"
                      }
                    ]
                  }
                ]
              }
            ],
            "timeouts": null,
            "wait_for_load_balancer": true
          },
          "sensitive_attributes": [],
          "identity_schema_version": 0,
          "private": "eyJlMmJmYjczMC1lY2FhLTExZTYtOGY4OC0zNDM2M2JjN2M0YzAiOnsiY3JlYXRlIjo2MDAwMDAwMDAwMDB9LCJzY2hlbWFfdmVyc2lvbiI6IjEifQ==",
          "dependencies": [
            "azurerm_kubernetes_cluster.aks",
            "azurerm_resource_group.rg",
            "kubernetes_deployment.webapp"
          ]
        }
      ]
    }
  ],
  "check_results": null
}
